
Microsoft Visual Studio Solution File, Format Version 12.00
# Visual Studio Version 17
VisualStudioVersion = 17.5.33502.453
MinimumVisualStudioVersion = 10.0.40219.1
Project("{9A19103F-16F7-4668-BE54-9A1E7A4F7556}") = "DataAccess", "DataAccess\DataAccess.csproj", "{1C2C2D14-4D4F-45F4-8931-7A6475146338}"
EndProject
Project("{9A19103F-16F7-4668-BE54-9A1E7A4F7556}") = "Business", "Business\Business.csproj", "{A1DB2FD2-DB90-4B23-8E38-A3D324E6ADCB}"
EndProject
Project("{9A19103F-16F7-4668-BE54-9A1E7A4F7556}") = "Entities", "Entities\Entities.csproj", "{5097E78B-2DB7-4BE4-9E80-B87E598645BE}"
EndProject
Project("{9A19103F-16F7-4668-BE54-9A1E7A4F7556}") = "ConsoleUI", "ConsoleUI\ConsoleUI.csproj", "{5E3EE8E2-7385-4610-AA6E-2839277D9F2C}"
EndProject
Project("{9A19103F-16F7-4668-BE54-9A1E7A4F7556}") = "Core", "Core\Core.csproj", "{4D7F47F3-AA82-437F-8D3F-A3E1F75D8DA0}"
EndProject
Project("{2150E333-8FDC-42A3-9474-1A3956D46DE8}") = "Solution Items", "Solution Items", "{2EA2998C-710B-4061-9F06-81AAD3A93ED2}"
	ProjectSection(SolutionItems) = preProject
		.editorconfig = .editorconfig
	EndProjectSection
EndProject
Global
	GlobalSection(SolutionConfigurationPlatforms) = preSolution
		Debug|Any CPU = Debug|Any CPU
		Release|Any CPU = Release|Any CPU
	EndGlobalSection
	GlobalSection(ProjectConfigurationPlatforms) = postSolution
		{1C2C2D14-4D4F-45F4-8931-7A6475146338}.Debug|Any CPU.ActiveCfg = Debug|Any CPU
		{1C2C2D14-4D4F-45F4-8931-7A6475146338}.Debug|Any CPU.Build.0 = Debug|Any CPU
		{1C2C2D14-4D4F-45F4-8931-7A6475146338}.Release|Any CPU.ActiveCfg = Release|Any CPU
		{1C2C2D14-4D4F-45F4-8931-7A6475146338}.Release|Any CPU.Build.0 = Release|Any CPU
		{A1DB2FD2-DB90-4B23-8E38-A3D324E6ADCB}.Debug|Any CPU.ActiveCfg = Debug|Any CPU
		{A1DB2FD2-DB90-4B23-8E38-A3D324E6ADCB}.Debug|Any CPU.Build.0 = Debug|Any CPU
		{A1DB2FD2-DB90-4B23-8E38-A3D324E6ADCB}.Release|Any CPU.ActiveCfg = Release|Any CPU
		{A1DB2FD2-DB90-4B23-8E38-A3D324E6ADCB}.Release|Any CPU.Build.0 = Release|Any CPU
		{5097E78B-2DB7-4BE4-9E80-B87E598645BE}.Debug|Any CPU.ActiveCfg = Debug|Any CPU
		{5097E78B-2DB7-4BE4-9E80-B87E598645BE}.Debug|Any CPU.Build.0 = Debug|Any CPU
		{5097E78B-2DB7-4BE4-9E80-B87E598645BE}.Release|Any CPU.ActiveCfg = Release|Any CPU
		{5097E78B-2DB7-4BE4-9E80-B87E598645BE}.Release|Any CPU.Build.0 = Release|Any CPU
		{5E3EE8E2-7385-4610-AA6E-2839277D9F2C}.Debug|Any CPU.ActiveCfg = Debug|Any CPU
		{5E3EE8E2-7385-4610-AA6E-2839277D9F2C}.Debug|Any CPU.Build.0 = Debug|Any CPU
		{5E3EE8E2-7385-4610-AA6E-2839277D9F2C}.Release|Any CPU.ActiveCfg = Release|Any CPU
		{5E3EE8E2-7385-4610-AA6E-2839277D9F2C}.Release|Any CPU.Build.0 = Release|Any CPU
		{4D7F47F3-AA82-437F-8D3F-A3E1F75D8DA0}.Debug|Any CPU.ActiveCfg = Debug|Any CPU
		{4D7F47F3-AA82-437F-8D3F-A3E1F75D8DA0}.Debug|Any CPU.Build.0 = Debug|Any CPU
		{4D7F47F3-AA82-437F-8D3F-A3E1F75D8DA0}.Release|Any CPU.ActiveCfg = Release|Any CPU
		{4D7F47F3-AA82-437F-8D3F-A3E1F75D8DA0}.Release|Any CPU.Build.0 = Release|Any CPU
	EndGlobalSection
	GlobalSection(SolutionProperties) = preSolution
		HideSolutionNode = FALSE
	EndGlobalSection
	GlobalSection(ExtensibilityGlobals) = postSolution
		SolutionGuid = {8C64AA78-A0E3-408D-B714-FE04F1E70FC4}
	EndGlobalSection
EndGlobal
